
Microsoft Visual Studio Solution File, Format Version 12.00
# Visual Studio Version 16
VisualStudioVersion = 16.0.30517.126
MinimumVisualStudioVersion = 10.0.40219.1
Project("{FAE04EC0-301F-11D3-BF4B-00C04F79EFBC}") = "OOPChallenges", "OOPChallenges\OOPChallenges.csproj", "{63748EDF-3058-4018-A789-209E52F4F47B}"
EndProject
Project("{FAE04EC0-301F-11D3-BF4B-00C04F79EFBC}") = "Car", "Car\Car.csproj", "{04969212-950E-4776-AF8C-4621EE3EFCD7}"
EndProject
Global
	GlobalSection(SolutionConfigurationPlatforms) = preSolution
		Debug|Any CPU = Debug|Any CPU
		Release|Any CPU = Release|Any CPU
	EndGlobalSection
	GlobalSection(ProjectConfigurationPlatforms) = postSolution
		{63748EDF-3058-4018-A789-209E52F4F47B}.Debug|Any CPU.ActiveCfg = Debug|Any CPU
		{63748EDF-3058-4018-A789-209E52F4F47B}.Debug|Any CPU.Build.0 = Debug|Any CPU
		{63748EDF-3058-4018-A789-209E52F4F47B}.Release|Any CPU.ActiveCfg = Release|Any CPU
		{63748EDF-3058-4018-A789-209E52F4F47B}.Release|Any CPU.Build.0 = Release|Any CPU
		{04969212-950E-4776-AF8C-4621EE3EFCD7}.Debug|Any CPU.ActiveCfg = Debug|Any CPU
		{04969212-950E-4776-AF8C-4621EE3EFCD7}.Debug|Any CPU.Build.0 = Debug|Any CPU
		{04969212-950E-4776-AF8C-4621EE3EFCD7}.Release|Any CPU.ActiveCfg = Release|Any CPU
		{04969212-950E-4776-AF8C-4621EE3EFCD7}.Release|Any CPU.Build.0 = Release|Any CPU
	EndGlobalSection
	GlobalSection(SolutionProperties) = preSolution
		HideSolutionNode = FALSE
	EndGlobalSection
	GlobalSection(ExtensibilityGlobals) = postSolution
		SolutionGuid = {79AFD399-B1B3-4ED5-A594-2C7F9F72370E}
	EndGlobalSection
EndGlobal
